
Microsoft Visual Studio Solution File, Format Version 12.00
# Visual Studio 15
VisualStudioVersion = 15.0.28307.1000
MinimumVisualStudioVersion = 10.0.40219.1
Project("{9A19103F-16F7-4668-BE54-9A1E7A4F7556}") = "AvaliacaoDiagnostica", "AvaliacaoDiagnostica\AvaliacaoDiagnostica.csproj", "{5BEA9CC3-C5E3-44B9-A3F9-3AA3E075D913}"
EndProject
Project("{FAE04EC0-301F-11D3-BF4B-00C04F79EFBC}") = "Avaliação Final", "Avaliação Final\Avaliação Final.csproj", "{B3CF8676-5D47-48AA-91E1-76707E07896E}"
EndProject
Global
	GlobalSection(SolutionConfigurationPlatforms) = preSolution
		Debug|Any CPU = Debug|Any CPU
		Release|Any CPU = Release|Any CPU
	EndGlobalSection
	GlobalSection(ProjectConfigurationPlatforms) = postSolution
		{5BEA9CC3-C5E3-44B9-A3F9-3AA3E075D913}.Debug|Any CPU.ActiveCfg = Debug|Any CPU
		{5BEA9CC3-C5E3-44B9-A3F9-3AA3E075D913}.Debug|Any CPU.Build.0 = Debug|Any CPU
		{5BEA9CC3-C5E3-44B9-A3F9-3AA3E075D913}.Release|Any CPU.ActiveCfg = Release|Any CPU
		{5BEA9CC3-C5E3-44B9-A3F9-3AA3E075D913}.Release|Any CPU.Build.0 = Release|Any CPU
		{B3CF8676-5D47-48AA-91E1-76707E07896E}.Debug|Any CPU.ActiveCfg = Debug|Any CPU
		{B3CF8676-5D47-48AA-91E1-76707E07896E}.Debug|Any CPU.Build.0 = Debug|Any CPU
		{B3CF8676-5D47-48AA-91E1-76707E07896E}.Release|Any CPU.ActiveCfg = Release|Any CPU
		{B3CF8676-5D47-48AA-91E1-76707E07896E}.Release|Any CPU.Build.0 = Release|Any CPU
	EndGlobalSection
	GlobalSection(SolutionProperties) = preSolution
		HideSolutionNode = FALSE
	EndGlobalSection
	GlobalSection(ExtensibilityGlobals) = postSolution
		SolutionGuid = {B33AFEE0-9AA7-4A54-8CAA-84A8A32F777E}
	EndGlobalSection
EndGlobal
